
Microsoft Visual Studio Solution File, Format Version 12.00
# Visual Studio 15
VisualStudioVersion = 15.0.28307.572
MinimumVisualStudioVersion = 10.0.40219.1
Project("{FAE04EC0-301F-11D3-BF4B-00C04F79EFBC}") = "Bookstore Management", "Bookstore Management\Bookstore Management.csproj", "{0E986843-A931-47CF-8E36-EA04D9A0FB4E}"
EndProject
Global
	GlobalSection(SolutionConfigurationPlatforms) = preSolution
		Debug|Any CPU = Debug|Any CPU
		Release|Any CPU = Release|Any CPU
	EndGlobalSection
	GlobalSection(ProjectConfigurationPlatforms) = postSolution
		{0E986843-A931-47CF-8E36-EA04D9A0FB4E}.Debug|Any CPU.ActiveCfg = Debug|Any CPU
		{0E986843-A931-47CF-8E36-EA04D9A0FB4E}.Debug|Any CPU.Build.0 = Debug|Any CPU
		{0E986843-A931-47CF-8E36-EA04D9A0FB4E}.Release|Any CPU.ActiveCfg = Release|Any CPU
		{0E986843-A931-47CF-8E36-EA04D9A0FB4E}.Release|Any CPU.Build.0 = Release|Any CPU
	EndGlobalSection
	GlobalSection(SolutionProperties) = preSolution
		HideSolutionNode = FALSE
	EndGlobalSection
	GlobalSection(ExtensibilityGlobals) = postSolution
		SolutionGuid = {61D4BC33-4DDB-4FCC-BD5F-39A640B910B1}
	EndGlobalSection
EndGlobal
